name = "jiwonz/pathfs"
version = "0.6.0-rc.1"
target = "lune"

[graph."0x5eal/unzip@0.1.0 luau"]
resolved_ty = "standard"

[graph."0x5eal/unzip@0.1.0 luau".pkg_ref]
ref_ty = "pesde"
index_url = "https://github.com/pesde-pkg/index"

[graph."0x5eal/unzip@0.1.0 luau".pkg_ref.dependencies]
asciitable = [{ name = "kimpure/asciitable", version = "^0.1.4", index = "https://github.com/pesde-pkg/index" }, "dev"]
frktest = [{ name = "itsfrank/frktest", version = "^0.0.2", index = "https://github.com/pesde-pkg/index", target = "lune" }, "dev"]
luau-lsp = [{ name = "pesde/luau_lsp", version = "^1.38.0", index = "https://github.com/pesde-pkg/index", target = "lune" }, "dev"]
stylua = [{ name = "pesde/stylua", version = "^2.0.2", index = "https://github.com/pesde-pkg/index", target = "lune" }, "dev"]

[graph."corecii/greentea@0.4.11 lune"]
direct = ["greentea", { name = "corecii/greentea", version = "^0.4.11" }, "standard"]
resolved_ty = "standard"

[graph."corecii/greentea@0.4.11 lune".pkg_ref]
ref_ty = "pesde"
index_url = "https://github.com/daimond113/pesde-index"

[graph."itsfrank/frktest@0.0.2 lune"]
direct = ["frktest", { name = "itsfrank/frktest", version = "^0.0.2" }, "dev"]
resolved_ty = "dev"

[graph."itsfrank/frktest@0.0.2 lune".pkg_ref]
ref_ty = "pesde"
index_url = "https://github.com/daimond113/pesde-index"

[graph."jiwonz/dirs@0.1.2 lune"]
resolved_ty = "standard"

[graph."jiwonz/dirs@0.1.2 lune".dependencies]
"jiwonz/pathfs@0.1.0 lune" = "pathfs"

[graph."jiwonz/dirs@0.1.2 lune".pkg_ref]
ref_ty = "pesde"
index_url = "https://github.com/pesde-pkg/index"

[graph."jiwonz/dirs@0.1.2 lune".pkg_ref.dependencies]
pathfs = [{ name = "jiwonz/pathfs", version = "^0.1.0", index = "https://github.com/daimond113/pesde-index" }, "standard"]

[graph."jiwonz/luau_disk@0.1.4 luau"]
resolved_ty = "standard"

[graph."jiwonz/luau_disk@0.1.4 luau".pkg_ref]
ref_ty = "pesde"
index_url = "https://github.com/pesde-pkg/index"

[graph."jiwonz/luau_path@0.1.1 luau"]
direct = ["luau_path", { name = "jiwonz/luau_path", version = "^0.1.1", target = "luau" }, "standard"]
resolved_ty = "standard"

[graph."jiwonz/luau_path@0.1.1 luau".dependencies]
"jiwonz/luau_disk@0.1.4 luau" = "luau_disk"

[graph."jiwonz/luau_path@0.1.1 luau".pkg_ref]
ref_ty = "pesde"
index_url = "https://github.com/daimond113/pesde-index"

[graph."jiwonz/luau_path@0.1.1 luau".pkg_ref.dependencies]
luau_disk = [{ name = "jiwonz/luau_disk", version = "^0.1.2", index = "https://github.com/pesde-pkg/index" }, "standard"]

[graph."jiwonz/pathfs@0.1.0 lune"]
resolved_ty = "standard"

[graph."jiwonz/pathfs@0.1.0 lune".pkg_ref]
ref_ty = "pesde"
index_url = "https://github.com/pesde-pkg/index"

[graph."lukadev_0/option@1.2.0 lune"]
resolved_ty = "standard"

[graph."lukadev_0/option@1.2.0 lune".pkg_ref]
ref_ty = "pesde"
index_url = "https://github.com/daimond113/pesde-index"

[graph."lukadev_0/result@1.2.0 lune"]
resolved_ty = "standard"

[graph."lukadev_0/result@1.2.0 lune".pkg_ref]
ref_ty = "pesde"
index_url = "https://github.com/daimond113/pesde-index"

[graph."pesde/luau_lsp@1.38.1 lune"]
direct = ["luau_lsp", { name = "pesde/luau_lsp", version = "^1.38.1" }, "dev"]
resolved_ty = "dev"

[graph."pesde/luau_lsp@1.38.1 lune".dependencies]
"lukadev_0/option@1.2.0 lune" = "option"
"lukadev_0/result@1.2.0 lune" = "result"
"pesde/toolchainlib@0.1.11 lune" = "core"

[graph."pesde/luau_lsp@1.38.1 lune".pkg_ref]
ref_ty = "pesde"
index_url = "https://github.com/daimond113/pesde-index"

[graph."pesde/luau_lsp@1.38.1 lune".pkg_ref.dependencies]
core = [{ name = "pesde/toolchainlib", version = "^0.1.7", index = "https://github.com/daimond113/pesde-index", target = "lune" }, "standard"]
option = [{ name = "lukadev_0/option", version = "^1.2.0", index = "https://github.com/daimond113/pesde-index" }, "standard"]
result = [{ name = "lukadev_0/result", version = "^1.2.0", index = "https://github.com/daimond113/pesde-index" }, "standard"]

[graph."pesde/selene@0.28.0 lune"]
direct = ["selene", { name = "pesde/selene", version = "^0.28.0" }, "dev"]
resolved_ty = "dev"

[graph."pesde/selene@0.28.0 lune".dependencies]
"lukadev_0/option@1.2.0 lune" = "option"
"lukadev_0/result@1.2.0 lune" = "result"
"pesde/toolchainlib@0.1.11 lune" = "core"

[graph."pesde/selene@0.28.0 lune".pkg_ref]
ref_ty = "pesde"
index_url = "https://github.com/daimond113/pesde-index"

[graph."pesde/selene@0.28.0 lune".pkg_ref.dependencies]
core = [{ name = "pesde/toolchainlib", version = "^0.1.8", index = "https://github.com/daimond113/pesde-index", target = "lune" }, "standard"]
option = [{ name = "lukadev_0/option", version = "^1.2.0", index = "https://github.com/daimond113/pesde-index" }, "standard"]
result = [{ name = "lukadev_0/result", version = "^1.2.0", index = "https://github.com/daimond113/pesde-index" }, "standard"]

[graph."pesde/stylua@2.0.2 lune"]
direct = ["stylua", { name = "pesde/stylua", version = "^2.0.2" }, "dev"]
resolved_ty = "dev"

[graph."pesde/stylua@2.0.2 lune".dependencies]
"lukadev_0/option@1.2.0 lune" = "option"
"lukadev_0/result@1.2.0 lune" = "result"
"pesde/toolchainlib@0.1.11 lune" = "core"

[graph."pesde/stylua@2.0.2 lune".pkg_ref]
ref_ty = "pesde"
index_url = "https://github.com/daimond113/pesde-index"

[graph."pesde/stylua@2.0.2 lune".pkg_ref.dependencies]
core = [{ name = "pesde/toolchainlib", version = "^0.1.3", index = "https://github.com/daimond113/pesde-index", target = "lune" }, "standard"]
option = [{ name = "lukadev_0/option", version = "^1.2.0", index = "https://github.com/daimond113/pesde-index" }, "standard"]
result = [{ name = "lukadev_0/result", version = "^1.2.0", index = "https://github.com/daimond113/pesde-index" }, "standard"]

[graph."pesde/toolchainlib@0.1.11 lune"]
resolved_ty = "standard"

[graph."pesde/toolchainlib@0.1.11 lune".dependencies]
"0x5eal/unzip@0.1.0 luau" = "unzip"
"jiwonz/dirs@0.1.2 lune" = "dirs"
"jiwonz/pathfs@0.1.0 lune" = "pathfs"
"lukadev_0/option@1.2.0 lune" = "option"
"lukadev_0/result@1.2.0 lune" = "result"

[graph."pesde/toolchainlib@0.1.11 lune".pkg_ref]
ref_ty = "pesde"
index_url = "https://github.com/daimond113/pesde-index"

[graph."pesde/toolchainlib@0.1.11 lune".pkg_ref.dependencies]
dirs = [{ name = "jiwonz/dirs", version = "^0.1.1", index = "https://github.com/pesde-pkg/index" }, "standard"]
option = [{ name = "lukadev_0/option", version = "^1.2.0", index = "https://github.com/pesde-pkg/index" }, "peer"]
pathfs = [{ name = "jiwonz/pathfs", version = "^0.1.0", index = "https://github.com/pesde-pkg/index" }, "standard"]
result = [{ name = "lukadev_0/result", version = "^1.2.0", index = "https://github.com/pesde-pkg/index" }, "peer"]
unzip = [{ name = "0x5eal/unzip", version = "^0.1.0", index = "https://github.com/pesde-pkg/index", target = "luau" }, "standard"]
