name = "jiwonz/pathfs"
version = "0.3.0"
target = "lune"

[graph."corecii/greentea"."0.4.11 lune"]
direct = ["greentea", { name = "corecii/greentea", version = "^0.4.11" }, "standard"]
resolved_ty = "standard"

[graph."corecii/greentea"."0.4.11 lune".target]
environment = "lune"
lib = "src/init.luau"

[graph."corecii/greentea"."0.4.11 lune".pkg_ref]
ref_ty = "pesde"
name = "corecii/greentea"
version = "0.4.11"
index_url = "https://github.com/daimond113/pesde-index"

[graph."corecii/greentea"."0.4.11 lune".pkg_ref.target]
environment = "lune"
lib = "src/init.luau"

[graph."itsfrank/frktest"."0.0.2 lune"]
direct = ["frktest", { name = "itsfrank/frktest", version = "^0.0.2" }, "dev"]
resolved_ty = "dev"

[graph."itsfrank/frktest"."0.0.2 lune".target]
environment = "lune"
lib = "src/_pesde_init.luau"

[graph."itsfrank/frktest"."0.0.2 lune".pkg_ref]
ref_ty = "pesde"
name = "itsfrank/frktest"
version = "0.0.2"
index_url = "https://github.com/daimond113/pesde-index"

[graph."itsfrank/frktest"."0.0.2 lune".pkg_ref.target]
environment = "lune"
lib = "src/_pesde_init.luau"

[graph."jiwonz/dirs"."0.1.2 lune"]
resolved_ty = "standard"

[graph."jiwonz/dirs"."0.1.2 lune".target]
environment = "lune"
lib = "src/init.luau"

[graph."jiwonz/dirs"."0.1.2 lune".dependencies]
"jiwonz/pathfs" = ["0.1.0 lune", "pathfs"]

[graph."jiwonz/dirs"."0.1.2 lune".pkg_ref]
ref_ty = "pesde"
name = "jiwonz/dirs"
version = "0.1.2"
index_url = "https://github.com/daimond113/pesde-index"

[graph."jiwonz/dirs"."0.1.2 lune".pkg_ref.dependencies]
pathfs = [{ name = "jiwonz/pathfs", version = "^0.1.0", index = "https://github.com/daimond113/pesde-index" }, "standard"]

[graph."jiwonz/dirs"."0.1.2 lune".pkg_ref.target]
environment = "lune"
lib = "src/init.luau"

[graph."jiwonz/luau_disk"."0.1.4 luau"]
resolved_ty = "standard"

[graph."jiwonz/luau_disk"."0.1.4 luau".target]
environment = "luau"
lib = "src/init.luau"

[graph."jiwonz/luau_disk"."0.1.4 luau".pkg_ref]
ref_ty = "pesde"
name = "jiwonz/luau_disk"
version = "0.1.4"
index_url = "https://github.com/pesde-pkg/index"

[graph."jiwonz/luau_disk"."0.1.4 luau".pkg_ref.target]
environment = "luau"
lib = "src/init.luau"

[graph."jiwonz/luau_path"."0.1.1 luau"]
direct = ["luau_path", { name = "jiwonz/luau_path", version = "^0.1.1", target = "luau" }, "standard"]
resolved_ty = "standard"

[graph."jiwonz/luau_path"."0.1.1 luau".target]
environment = "luau"
lib = "src/init.luau"

[graph."jiwonz/luau_path"."0.1.1 luau".dependencies]
"jiwonz/luau_disk" = ["0.1.4 luau", "luau_disk"]

[graph."jiwonz/luau_path"."0.1.1 luau".pkg_ref]
ref_ty = "pesde"
name = "jiwonz/luau_path"
version = "0.1.1"
index_url = "https://github.com/daimond113/pesde-index"

[graph."jiwonz/luau_path"."0.1.1 luau".pkg_ref.dependencies]
luau_disk = [{ name = "jiwonz/luau_disk", version = "^0.1.2", index = "https://github.com/pesde-pkg/index" }, "standard"]

[graph."jiwonz/luau_path"."0.1.1 luau".pkg_ref.target]
environment = "luau"
lib = "src/init.luau"

[graph."jiwonz/pathfs"."0.1.0 lune"]
resolved_ty = "standard"

[graph."jiwonz/pathfs"."0.1.0 lune".target]
environment = "lune"
lib = "init.luau"

[graph."jiwonz/pathfs"."0.1.0 lune".pkg_ref]
ref_ty = "pesde"
name = "jiwonz/pathfs"
version = "0.1.0"
index_url = "https://github.com/daimond113/pesde-index"

[graph."jiwonz/pathfs"."0.1.0 lune".pkg_ref.target]
environment = "lune"
lib = "init.luau"

[graph."lukadev_0/option"."1.2.0 lune"]
resolved_ty = "standard"

[graph."lukadev_0/option"."1.2.0 lune".target]
environment = "lune"
lib = "lib/init.luau"

[graph."lukadev_0/option"."1.2.0 lune".pkg_ref]
ref_ty = "pesde"
name = "lukadev_0/option"
version = "1.2.0"
index_url = "https://github.com/daimond113/pesde-index"

[graph."lukadev_0/option"."1.2.0 lune".pkg_ref.target]
environment = "lune"
lib = "lib/init.luau"

[graph."lukadev_0/result"."1.2.0 lune"]
resolved_ty = "standard"

[graph."lukadev_0/result"."1.2.0 lune".target]
environment = "lune"
lib = "lib/init.luau"

[graph."lukadev_0/result"."1.2.0 lune".pkg_ref]
ref_ty = "pesde"
name = "lukadev_0/result"
version = "1.2.0"
index_url = "https://github.com/daimond113/pesde-index"

[graph."lukadev_0/result"."1.2.0 lune".pkg_ref.target]
environment = "lune"
lib = "lib/init.luau"

[graph."pesde/luau_lsp"."1.38.1 lune"]
direct = ["luau_lsp", { name = "pesde/luau_lsp", version = "^1.38.1" }, "dev"]
resolved_ty = "dev"

[graph."pesde/luau_lsp"."1.38.1 lune".target]
environment = "lune"
bin = "init.luau"

[graph."pesde/luau_lsp"."1.38.1 lune".dependencies]
"lukadev_0/option" = ["1.2.0 lune", "option"]
"lukadev_0/result" = ["1.2.0 lune", "result"]
"pesde/toolchainlib" = ["0.1.7 lune", "core"]

[graph."pesde/luau_lsp"."1.38.1 lune".pkg_ref]
ref_ty = "pesde"
name = "pesde/luau_lsp"
version = "1.38.1"
index_url = "https://github.com/daimond113/pesde-index"

[graph."pesde/luau_lsp"."1.38.1 lune".pkg_ref.dependencies]
core = [{ name = "pesde/toolchainlib", version = "^0.1.7", index = "https://github.com/daimond113/pesde-index", target = "lune" }, "standard"]
option = [{ name = "lukadev_0/option", version = "^1.2.0", index = "https://github.com/daimond113/pesde-index" }, "standard"]
result = [{ name = "lukadev_0/result", version = "^1.2.0", index = "https://github.com/daimond113/pesde-index" }, "standard"]

[graph."pesde/luau_lsp"."1.38.1 lune".pkg_ref.target]
environment = "lune"
bin = "init.luau"

[graph."pesde/selene"."0.27.1 lune"]
direct = ["selene", { name = "pesde/selene", version = "^0.27.1" }, "dev"]
resolved_ty = "dev"

[graph."pesde/selene"."0.27.1 lune".target]
environment = "lune"
bin = "init.luau"

[graph."pesde/selene"."0.27.1 lune".dependencies]
"lukadev_0/option" = ["1.2.0 lune", "option"]
"lukadev_0/result" = ["1.2.0 lune", "result"]
"pesde/toolchainlib" = ["0.1.7 lune", "core"]

[graph."pesde/selene"."0.27.1 lune".pkg_ref]
ref_ty = "pesde"
name = "pesde/selene"
version = "0.27.1"
index_url = "https://github.com/daimond113/pesde-index"

[graph."pesde/selene"."0.27.1 lune".pkg_ref.dependencies]
core = [{ name = "pesde/toolchainlib", version = "^0.1.1", index = "https://github.com/daimond113/pesde-index", target = "lune" }, "standard"]
option = [{ name = "lukadev_0/option", version = "^1.2.0", index = "https://github.com/daimond113/pesde-index" }, "standard"]
result = [{ name = "lukadev_0/result", version = "^1.2.0", index = "https://github.com/daimond113/pesde-index" }, "standard"]

[graph."pesde/selene"."0.27.1 lune".pkg_ref.target]
environment = "lune"
bin = "init.luau"

[graph."pesde/stylua"."2.0.2 lune"]
direct = ["stylua", { name = "pesde/stylua", version = "^2.0.2" }, "dev"]
resolved_ty = "dev"

[graph."pesde/stylua"."2.0.2 lune".target]
environment = "lune"
bin = "init.luau"

[graph."pesde/stylua"."2.0.2 lune".dependencies]
"lukadev_0/option" = ["1.2.0 lune", "option"]
"lukadev_0/result" = ["1.2.0 lune", "result"]
"pesde/toolchainlib" = ["0.1.7 lune", "core"]

[graph."pesde/stylua"."2.0.2 lune".pkg_ref]
ref_ty = "pesde"
name = "pesde/stylua"
version = "2.0.2"
index_url = "https://github.com/daimond113/pesde-index"

[graph."pesde/stylua"."2.0.2 lune".pkg_ref.dependencies]
core = [{ name = "pesde/toolchainlib", version = "^0.1.3", index = "https://github.com/daimond113/pesde-index", target = "lune" }, "standard"]
option = [{ name = "lukadev_0/option", version = "^1.2.0", index = "https://github.com/daimond113/pesde-index" }, "standard"]
result = [{ name = "lukadev_0/result", version = "^1.2.0", index = "https://github.com/daimond113/pesde-index" }, "standard"]

[graph."pesde/stylua"."2.0.2 lune".pkg_ref.target]
environment = "lune"
bin = "init.luau"

[graph."pesde/toolchainlib"."0.1.7 lune"]
resolved_ty = "standard"

[graph."pesde/toolchainlib"."0.1.7 lune".target]
environment = "lune"
lib = "src/init.luau"

[graph."pesde/toolchainlib"."0.1.7 lune".dependencies]
"jiwonz/dirs" = ["0.1.2 lune", "dirs"]
"jiwonz/pathfs" = ["0.1.0 lune", "pathfs"]
"lukadev_0/option" = ["1.2.0 lune", "option"]
"lukadev_0/result" = ["1.2.0 lune", "result"]

[graph."pesde/toolchainlib"."0.1.7 lune".pkg_ref]
ref_ty = "pesde"
name = "pesde/toolchainlib"
version = "0.1.7"
index_url = "https://github.com/daimond113/pesde-index"

[graph."pesde/toolchainlib"."0.1.7 lune".pkg_ref.dependencies]
dirs = [{ name = "jiwonz/dirs", version = "^0.1.1", index = "https://github.com/daimond113/pesde-index" }, "standard"]
option = [{ name = "lukadev_0/option", version = "^1.2.0", index = "https://github.com/daimond113/pesde-index" }, "peer"]
pathfs = [{ name = "jiwonz/pathfs", version = "^0.1.0", index = "https://github.com/daimond113/pesde-index" }, "standard"]
result = [{ name = "lukadev_0/result", version = "^1.2.0", index = "https://github.com/daimond113/pesde-index" }, "peer"]

[graph."pesde/toolchainlib"."0.1.7 lune".pkg_ref.target]
environment = "lune"
lib = "src/init.luau"
